
Microsoft Visual Studio Solution File, Format Version 12.00
# Visual Studio 2013
VisualStudioVersion = 12.0.21005.1
MinimumVisualStudioVersion = 10.0.40219.1
Project("{FAE04EC0-301F-11D3-BF4B-00C04F79EFBC}") = "MissionSearchCore", "MissionSearchCore\MissionSearchCore.csproj", "{2CC7CE1D-6423-4FA7-A6D9-8E87364D885F}"
EndProject
Project("{FAE04EC0-301F-11D3-BF4B-00C04F79EFBC}") = "UnitTestProject", "UnitTestProject\UnitTestProject.csproj", "{4799736D-DD7F-4458-98A4-763707C5F8E9}"
	ProjectSection(ProjectDependencies) = postProject
		{2CC7CE1D-6423-4FA7-A6D9-8E87364D885F} = {2CC7CE1D-6423-4FA7-A6D9-8E87364D885F}
	EndProjectSection
EndProject
Project("{FAE04EC0-301F-11D3-BF4B-00C04F79EFBC}") = "LuceneClient", "LuceneClient\LuceneClient.csproj", "{FCBEB754-A728-4C26-88C0-2A06BE905177}"
EndProject
Global
	GlobalSection(SolutionConfigurationPlatforms) = preSolution
		Debug|Any CPU = Debug|Any CPU
		Release|Any CPU = Release|Any CPU
	EndGlobalSection
	GlobalSection(ProjectConfigurationPlatforms) = postSolution
		{2CC7CE1D-6423-4FA7-A6D9-8E87364D885F}.Debug|Any CPU.ActiveCfg = Debug|Any CPU
		{2CC7CE1D-6423-4FA7-A6D9-8E87364D885F}.Debug|Any CPU.Build.0 = Debug|Any CPU
		{2CC7CE1D-6423-4FA7-A6D9-8E87364D885F}.Release|Any CPU.ActiveCfg = Release|Any CPU
		{2CC7CE1D-6423-4FA7-A6D9-8E87364D885F}.Release|Any CPU.Build.0 = Release|Any CPU
		{4799736D-DD7F-4458-98A4-763707C5F8E9}.Debug|Any CPU.ActiveCfg = Debug|Any CPU
		{4799736D-DD7F-4458-98A4-763707C5F8E9}.Debug|Any CPU.Build.0 = Debug|Any CPU
		{4799736D-DD7F-4458-98A4-763707C5F8E9}.Release|Any CPU.ActiveCfg = Release|Any CPU
		{4799736D-DD7F-4458-98A4-763707C5F8E9}.Release|Any CPU.Build.0 = Release|Any CPU
		{FCBEB754-A728-4C26-88C0-2A06BE905177}.Debug|Any CPU.ActiveCfg = Debug|Any CPU
		{FCBEB754-A728-4C26-88C0-2A06BE905177}.Debug|Any CPU.Build.0 = Debug|Any CPU
		{FCBEB754-A728-4C26-88C0-2A06BE905177}.Release|Any CPU.ActiveCfg = Release|Any CPU
		{FCBEB754-A728-4C26-88C0-2A06BE905177}.Release|Any CPU.Build.0 = Release|Any CPU
	EndGlobalSection
	GlobalSection(SolutionProperties) = preSolution
		HideSolutionNode = FALSE
	EndGlobalSection
EndGlobal
